Microsoft Visual Studio Solution File, Format Version 12.00
# Visual Studio Version 16
VisualStudioVersion = 16.0.0.0
MinimumVisualStudioVersion = 16.0.0.0
Project("{9A19103F-16F7-4668-BE54-9A1E7A4F7556}") = "SixDegrees.Server", "Server\SixDegrees.Server.csproj", "{E5CCF400-B434-4896-86EF-F72139F7FE17}"
EndProject
Project("{9A19103F-16F7-4668-BE54-9A1E7A4F7556}") = "SixDegrees.Client", "Client\SixDegrees.Client.csproj", "{DFF8D0ED-2DCC-4CCA-AE4D-8F63F75BD219}"
EndProject
Project("{9A19103F-16F7-4668-BE54-9A1E7A4F7556}") = "SixDegrees.Shared", "Shared\SixDegrees.Shared.csproj", "{E8E32519-03D6-4FD7-9F74-4CF8B0A47DFE}"
EndProject
Project("{2150E333-8FDC-42A3-9474-1A3956D46DE8}") = "Solution Items", "Solution Items", "{486B6E75-3E9B-473A-AC2D-7F5BCD00963A}"
	ProjectSection(SolutionItems) = preProject
		.editorconfig = .editorconfig
	EndProjectSection
EndProject
Global
	GlobalSection(SolutionConfigurationPlatforms) = preSolution
		Debug|Any CPU = Debug|Any CPU
		Debug|x64 = Debug|x64
		Debug|x86 = Debug|x86
		Release|Any CPU = Release|Any CPU
		Release|x64 = Release|x64
		Release|x86 = Release|x86
	EndGlobalSection
	GlobalSection(ProjectConfigurationPlatforms) = postSolution
		{E5CCF400-B434-4896-86EF-F72139F7FE17}.Debug|Any CPU.ActiveCfg = Debug|Any CPU
		{E5CCF400-B434-4896-86EF-F72139F7FE17}.Debug|Any CPU.Build.0 = Debug|Any CPU
		{E5CCF400-B434-4896-86EF-F72139F7FE17}.Debug|x64.ActiveCfg = Debug|Any CPU
		{E5CCF400-B434-4896-86EF-F72139F7FE17}.Debug|x64.Build.0 = Debug|Any CPU
		{E5CCF400-B434-4896-86EF-F72139F7FE17}.Debug|x86.ActiveCfg = Debug|Any CPU
		{E5CCF400-B434-4896-86EF-F72139F7FE17}.Debug|x86.Build.0 = Debug|Any CPU
		{E5CCF400-B434-4896-86EF-F72139F7FE17}.Release|Any CPU.ActiveCfg = Release|Any CPU
		{E5CCF400-B434-4896-86EF-F72139F7FE17}.Release|Any CPU.Build.0 = Release|Any CPU
		{E5CCF400-B434-4896-86EF-F72139F7FE17}.Release|x64.ActiveCfg = Release|Any CPU
		{E5CCF400-B434-4896-86EF-F72139F7FE17}.Release|x64.Build.0 = Release|Any CPU
		{E5CCF400-B434-4896-86EF-F72139F7FE17}.Release|x86.ActiveCfg = Release|Any CPU
		{E5CCF400-B434-4896-86EF-F72139F7FE17}.Release|x86.Build.0 = Release|Any CPU
		{DFF8D0ED-2DCC-4CCA-AE4D-8F63F75BD219}.Debug|Any CPU.ActiveCfg = Debug|Any CPU
		{DFF8D0ED-2DCC-4CCA-AE4D-8F63F75BD219}.Debug|Any CPU.Build.0 = Debug|Any CPU
		{DFF8D0ED-2DCC-4CCA-AE4D-8F63F75BD219}.Debug|x64.ActiveCfg = Debug|Any CPU
		{DFF8D0ED-2DCC-4CCA-AE4D-8F63F75BD219}.Debug|x64.Build.0 = Debug|Any CPU
		{DFF8D0ED-2DCC-4CCA-AE4D-8F63F75BD219}.Debug|x86.ActiveCfg = Debug|Any CPU
		{DFF8D0ED-2DCC-4CCA-AE4D-8F63F75BD219}.Debug|x86.Build.0 = Debug|Any CPU
		{DFF8D0ED-2DCC-4CCA-AE4D-8F63F75BD219}.Release|Any CPU.ActiveCfg = Release|Any CPU
		{DFF8D0ED-2DCC-4CCA-AE4D-8F63F75BD219}.Release|Any CPU.Build.0 = Release|Any CPU
		{DFF8D0ED-2DCC-4CCA-AE4D-8F63F75BD219}.Release|x64.ActiveCfg = Release|Any CPU
		{DFF8D0ED-2DCC-4CCA-AE4D-8F63F75BD219}.Release|x64.Build.0 = Release|Any CPU
		{DFF8D0ED-2DCC-4CCA-AE4D-8F63F75BD219}.Release|x86.ActiveCfg = Release|Any CPU
		{DFF8D0ED-2DCC-4CCA-AE4D-8F63F75BD219}.Release|x86.Build.0 = Release|Any CPU
		{E8E32519-03D6-4FD7-9F74-4CF8B0A47DFE}.Debug|Any CPU.ActiveCfg = Debug|Any CPU
		{E8E32519-03D6-4FD7-9F74-4CF8B0A47DFE}.Debug|Any CPU.Build.0 = Debug|Any CPU
		{E8E32519-03D6-4FD7-9F74-4CF8B0A47DFE}.Debug|x64.ActiveCfg = Debug|Any CPU
		{E8E32519-03D6-4FD7-9F74-4CF8B0A47DFE}.Debug|x64.Build.0 = Debug|Any CPU
		{E8E32519-03D6-4FD7-9F74-4CF8B0A47DFE}.Debug|x86.ActiveCfg = Debug|Any CPU
		{E8E32519-03D6-4FD7-9F74-4CF8B0A47DFE}.Debug|x86.Build.0 = Debug|Any CPU
		{E8E32519-03D6-4FD7-9F74-4CF8B0A47DFE}.Release|Any CPU.ActiveCfg = Release|Any CPU
		{E8E32519-03D6-4FD7-9F74-4CF8B0A47DFE}.Release|Any CPU.Build.0 = Release|Any CPU
		{E8E32519-03D6-4FD7-9F74-4CF8B0A47DFE}.Release|x64.ActiveCfg = Release|Any CPU
		{E8E32519-03D6-4FD7-9F74-4CF8B0A47DFE}.Release|x64.Build.0 = Release|Any CPU
		{E8E32519-03D6-4FD7-9F74-4CF8B0A47DFE}.Release|x86.ActiveCfg = Release|Any CPU
		{E8E32519-03D6-4FD7-9F74-4CF8B0A47DFE}.Release|x86.Build.0 = Release|Any CPU
	EndGlobalSection
	GlobalSection(SolutionProperties) = preSolution
		HideSolutionNode = FALSE
	EndGlobalSection
	GlobalSection(ExtensibilityGlobals) = postSolution
		SolutionGuid = {7F260C82-842B-4E12-AED4-47E02D778004}
	EndGlobalSection
EndGlobal
